
Microsoft Visual Studio Solution File, Format Version 12.00
# Visual Studio Version 17
VisualStudioVersion = 17.0.31903.59
MinimumVisualStudioVersion = 10.0.40219.1
Project("{FAE04EC0-301F-11D3-BF4B-00C04F79EFBC}") = "API", "API\API.csproj", "{EB0F24BE-9AF5-402D-B448-5202D680F2B1}"
EndProject
Project("{FAE04EC0-301F-11D3-BF4B-00C04F79EFBC}") = "Core", "Core\Core.csproj", "{07252938-E8F7-4D90-8EA6-1CC5B69FF0F9}"
EndProject
Project("{FAE04EC0-301F-11D3-BF4B-00C04F79EFBC}") = "Infrastructure", "Infrastructure\Infrastructure.csproj", "{9E08D80F-67C2-4B76-B8A6-8BEF51F5F8E8}"
EndProject
Global
	GlobalSection(SolutionConfigurationPlatforms) = preSolution
		Debug|Any CPU = Debug|Any CPU
		Release|Any CPU = Release|Any CPU
	EndGlobalSection
	GlobalSection(SolutionProperties) = preSolution
		HideSolutionNode = FALSE
	EndGlobalSection
	GlobalSection(ProjectConfigurationPlatforms) = postSolution
		{EB0F24BE-9AF5-402D-B448-5202D680F2B1}.Debug|Any CPU.ActiveCfg = Debug|Any CPU
		{EB0F24BE-9AF5-402D-B448-5202D680F2B1}.Debug|Any CPU.Build.0 = Debug|Any CPU
		{EB0F24BE-9AF5-402D-B448-5202D680F2B1}.Release|Any CPU.ActiveCfg = Release|Any CPU
		{EB0F24BE-9AF5-402D-B448-5202D680F2B1}.Release|Any CPU.Build.0 = Release|Any CPU
		{07252938-E8F7-4D90-8EA6-1CC5B69FF0F9}.Debug|Any CPU.ActiveCfg = Debug|Any CPU
		{07252938-E8F7-4D90-8EA6-1CC5B69FF0F9}.Debug|Any CPU.Build.0 = Debug|Any CPU
		{07252938-E8F7-4D90-8EA6-1CC5B69FF0F9}.Release|Any CPU.ActiveCfg = Release|Any CPU
		{07252938-E8F7-4D90-8EA6-1CC5B69FF0F9}.Release|Any CPU.Build.0 = Release|Any CPU
		{9E08D80F-67C2-4B76-B8A6-8BEF51F5F8E8}.Debug|Any CPU.ActiveCfg = Debug|Any CPU
		{9E08D80F-67C2-4B76-B8A6-8BEF51F5F8E8}.Debug|Any CPU.Build.0 = Debug|Any CPU
		{9E08D80F-67C2-4B76-B8A6-8BEF51F5F8E8}.Release|Any CPU.ActiveCfg = Release|Any CPU
		{9E08D80F-67C2-4B76-B8A6-8BEF51F5F8E8}.Release|Any CPU.Build.0 = Release|Any CPU
	EndGlobalSection
EndGlobal
